
Microsoft Visual Studio Solution File, Format Version 12.00
# Visual Studio 2012
Project("{D954291E-2A0B-460D-934E-DC6B0785DB48}") = "AngryTests", "AngryTests\AngryTests.shproj", "{156B0435-EF29-4BEF-ABE9-8D088B26560C}"
EndProject
Project("{FAE04EC0-301F-11D3-BF4B-00C04F79EFBC}") = "AngryTests.iOS", "iOS\AngryTests.iOS.csproj", "{51ECBFF7-4008-4B0A-90E7-A2CF9A655C39}"
EndProject
Project("{FAE04EC0-301F-11D3-BF4B-00C04F79EFBC}") = "AngryTests.Droid", "Droid\AngryTests.Droid.csproj", "{45965C77-DA15-4DF1-B3BE-DEE584A934FD}"
EndProject
Global
	GlobalSection(SolutionConfigurationPlatforms) = preSolution
		Debug|iPhoneSimulator = Debug|iPhoneSimulator
		Release|iPhone = Release|iPhone
		Release|iPhoneSimulator = Release|iPhoneSimulator
		Debug|iPhone = Debug|iPhone
		Debug|Any CPU = Debug|Any CPU
		Release|Any CPU = Release|Any CPU
	EndGlobalSection
	GlobalSection(ProjectConfigurationPlatforms) = postSolution
		{51ECBFF7-4008-4B0A-90E7-A2CF9A655C39}.Debug|iPhoneSimulator.ActiveCfg = Debug|iPhoneSimulator
		{51ECBFF7-4008-4B0A-90E7-A2CF9A655C39}.Debug|iPhoneSimulator.Build.0 = Debug|iPhoneSimulator
		{51ECBFF7-4008-4B0A-90E7-A2CF9A655C39}.Release|iPhone.ActiveCfg = Release|iPhone
		{51ECBFF7-4008-4B0A-90E7-A2CF9A655C39}.Release|iPhone.Build.0 = Release|iPhone
		{51ECBFF7-4008-4B0A-90E7-A2CF9A655C39}.Release|iPhoneSimulator.ActiveCfg = Release|iPhoneSimulator
		{51ECBFF7-4008-4B0A-90E7-A2CF9A655C39}.Release|iPhoneSimulator.Build.0 = Release|iPhoneSimulator
		{51ECBFF7-4008-4B0A-90E7-A2CF9A655C39}.Debug|iPhone.ActiveCfg = Debug|iPhone
		{51ECBFF7-4008-4B0A-90E7-A2CF9A655C39}.Debug|iPhone.Build.0 = Debug|iPhone
		{51ECBFF7-4008-4B0A-90E7-A2CF9A655C39}.Debug|Any CPU.ActiveCfg = Debug|iPhoneSimulator
		{51ECBFF7-4008-4B0A-90E7-A2CF9A655C39}.Debug|Any CPU.Build.0 = Debug|iPhoneSimulator
		{51ECBFF7-4008-4B0A-90E7-A2CF9A655C39}.Release|Any CPU.ActiveCfg = Release|iPhone
		{51ECBFF7-4008-4B0A-90E7-A2CF9A655C39}.Release|Any CPU.Build.0 = Release|iPhone
		{45965C77-DA15-4DF1-B3BE-DEE584A934FD}.Debug|iPhoneSimulator.ActiveCfg = Debug|Any CPU
		{45965C77-DA15-4DF1-B3BE-DEE584A934FD}.Debug|iPhoneSimulator.Build.0 = Debug|Any CPU
		{45965C77-DA15-4DF1-B3BE-DEE584A934FD}.Release|iPhone.ActiveCfg = Release|Any CPU
		{45965C77-DA15-4DF1-B3BE-DEE584A934FD}.Release|iPhone.Build.0 = Release|Any CPU
		{45965C77-DA15-4DF1-B3BE-DEE584A934FD}.Release|iPhoneSimulator.ActiveCfg = Release|Any CPU
		{45965C77-DA15-4DF1-B3BE-DEE584A934FD}.Release|iPhoneSimulator.Build.0 = Release|Any CPU
		{45965C77-DA15-4DF1-B3BE-DEE584A934FD}.Debug|iPhone.ActiveCfg = Debug|Any CPU
		{45965C77-DA15-4DF1-B3BE-DEE584A934FD}.Debug|iPhone.Build.0 = Debug|Any CPU
		{45965C77-DA15-4DF1-B3BE-DEE584A934FD}.Debug|Any CPU.ActiveCfg = Debug|Any CPU
		{45965C77-DA15-4DF1-B3BE-DEE584A934FD}.Debug|Any CPU.Build.0 = Debug|Any CPU
		{45965C77-DA15-4DF1-B3BE-DEE584A934FD}.Release|Any CPU.ActiveCfg = Release|Any CPU
		{45965C77-DA15-4DF1-B3BE-DEE584A934FD}.Release|Any CPU.Build.0 = Release|Any CPU
	EndGlobalSection
EndGlobal
